// !$*UTF8*$!
{
	archiveVersion = 1;
	classes = {
	};
	objectVersion = 46;
	objects = {

/* Begin PBXBuildFile section */
		14035E331E0044AB00A89AE4 /* Questions.swift in Sources */ = {isa = PBXBuildFile; fileRef = 14035E321E0044AB00A89AE4 /* Questions.swift */; };
		14035E351E006B8600A89AE4 /* AnswerModel.swift in Sources */ = {isa = PBXBuildFile; fileRef = 14035E341E006B8600A89AE4 /* AnswerModel.swift */; };
		14035E371E0083F400A89AE4 /* AnsweredStatus.swift in Sources */ = {isa = PBXBuildFile; fileRef = 14035E361E0083F400A89AE4 /* AnsweredStatus.swift */; };
		149BF1AB1E000AA4001B29FD /* AppDelegate.swift in Sources */ = {isa = PBXBuildFile; fileRef = 149BF1AA1E000AA4001B29FD /* AppDelegate.swift */; };
		149BF1AD1E000AA4001B29FD /* ViewController.swift in Sources */ = {isa = PBXBuildFile; fileRef = 149BF1AC1E000AA4001B29FD /* ViewController.swift */; };
		149BF1B01E000AA4001B29FD /* Main.storyboard in Resources */ = {isa = PBXBuildFile; fileRef = 149BF1AE1E000AA4001B29FD /* Main.storyboard */; };
		149BF1B21E000AA4001B29FD /* Assets.xcassets in Resources */ = {isa = PBXBuildFile; fileRef = 149BF1B11E000AA4001B29FD /* Assets.xcassets */; };
		149BF1B51E000AA4001B29FD /* LaunchScreen.storyboard in Resources */ = {isa = PBXBuildFile; fileRef = 149BF1B31E000AA4001B29FD /* LaunchScreen.storyboard */; };
		149BF1C11E001468001B29FD /* QuestionViewController.swift in Sources */ = {isa = PBXBuildFile; fileRef = 149BF1C01E001468001B29FD /* QuestionViewController.swift */; };
		149BF1C31E0014BD001B29FD /* QuestionTableViewCell.swift in Sources */ = {isa = PBXBuildFile; fileRef = 149BF1C21E0014BD001B29FD /* QuestionTableViewCell.swift */; };
		149BF1C51E001892001B29FD /* ANSWERS.swift in Sources */ = {isa = PBXBuildFile; fileRef = 149BF1C41E001892001B29FD /* ANSWERS.swift */; };
/* End PBXBuildFile section */

/* Begin PBXFileReference section */
		14035E321E0044AB00A89AE4 /* Questions.swift */ = {isa = PBXFileReference; fileEncoding = 4; lastKnownFileType = sourcecode.swift; path = Questions.swift; sourceTree = "<group>"; };
		14035E341E006B8600A89AE4 /* AnswerModel.swift */ = {isa = PBXFileReference; fileEncoding = 4; lastKnownFileType = sourcecode.swift; path = AnswerModel.swift; sourceTree = "<group>"; };
		14035E361E0083F400A89AE4 /* AnsweredStatus.swift */ = {isa = PBXFileReference; fileEncoding = 4; lastKnownFileType = sourcecode.swift; path = AnsweredStatus.swift; sourceTree = "<group>"; };
		149BF1A71E000AA4001B29FD /* NihongoLearning.app */ = {isa = PBXFileReference; explicitFileType = wrapper.application; includeInIndex = 0; path = NihongoLearning.app; sourceTree = BUILT_PRODUCTS_DIR; };
		149BF1AA1E000AA4001B29FD /* AppDelegate.swift */ = {isa = PBXFileReference; lastKnownFileType = sourcecode.swift; path = AppDelegate.swift; sourceTree = "<group>"; };
		149BF1AC1E000AA4001B29FD /* ViewController.swift */ = {isa = PBXFileReference; lastKnownFileType = sourcecode.swift; path = ViewController.swift; sourceTree = "<group>"; };
		149BF1AF1E000AA4001B29FD /* Base */ = {isa = PBXFileReference; lastKnownFileType = file.storyboard; name = Base; path = Base.lproj/Main.storyboard; sourceTree = "<group>"; };
		149BF1B11E000AA4001B29FD /* Assets.xcassets */ = {isa = PBXFileReference; lastKnownFileType = folder.assetcatalog; path = Assets.xcassets; sourceTree = "<group>"; };
		149BF1B41E000AA4001B29FD /* Base */ = {isa = PBXFileReference; lastKnownFileType = file.storyboard; name = Base; path = Base.lproj/LaunchScreen.storyboard; sourceTree = "<group>"; };
		149BF1B61E000AA4001B29FD /* Info.plist */ = {isa = PBXFileReference; lastKnownFileType = text.plist.xml; path = Info.plist; sourceTree = "<group>"; };
		149BF1C01E001468001B29FD /* QuestionViewController.swift */ = {isa = PBXFileReference; fileEncoding = 4; lastKnownFileType = sourcecode.swift; path = QuestionViewController.swift; sourceTree = "<group>"; };
		149BF1C21E0014BD001B29FD /* QuestionTableViewCell.swift */ = {isa = PBXFileReference; fileEncoding = 4; lastKnownFileType = sourcecode.swift; path = QuestionTableViewCell.swift; sourceTree = "<group>"; };
		149BF1C41E001892001B29FD /* ANSWERS.swift */ = {isa = PBXFileReference; fileEncoding = 4; lastKnownFileType = sourcecode.swift; path = ANSWERS.swift; sourceTree = "<group>"; };
/* End PBXFileReference section */

/* Begin PBXFrameworksBuildPhase section */
		149BF1A41E000AA4001B29FD /* Frameworks */ = {
			isa = PBXFrameworksBuildPhase;
			buildActionMask = 2147483647;
			files = (
			);
			runOnlyForDeploymentPostprocessing = 0;
		};
/* End PBXFrameworksBuildPhase section */

/* Begin PBXGroup section */
		149BF19E1E000AA4001B29FD = {
			isa = PBXGroup;
			children = (
				149BF1A91E000AA4001B29FD /* NihongoLearning */,
				149BF1A81E000AA4001B29FD /* Products */,
			);
			sourceTree = "<group>";
		};
		149BF1A81E000AA4001B29FD /* Products */ = {
			isa = PBXGroup;
			children = (
				149BF1A71E000AA4001B29FD /* NihongoLearning.app */,
			);
			name = Products;
			sourceTree = "<group>";
		};
		149BF1A91E000AA4001B29FD /* NihongoLearning */ = {
			isa = PBXGroup;
			children = (
				149BF1AA1E000AA4001B29FD /* AppDelegate.swift */,
				149BF1AC1E000AA4001B29FD /* ViewController.swift */,
				149BF1C01E001468001B29FD /* QuestionViewController.swift */,
				149BF1C41E001892001B29FD /* ANSWERS.swift */,
				14035E361E0083F400A89AE4 /* AnsweredStatus.swift */,
				14035E341E006B8600A89AE4 /* AnswerModel.swift */,
				149BF1C21E0014BD001B29FD /* QuestionTableViewCell.swift */,
				149BF1AE1E000AA4001B29FD /* Main.storyboard */,
				149BF1B11E000AA4001B29FD /* Assets.xcassets */,
				149BF1B31E000AA4001B29FD /* LaunchScreen.storyboard */,
				149BF1B61E000AA4001B29FD /* Info.plist */,
				14035E321E0044AB00A89AE4 /* Questions.swift */,
			);
			path = NihongoLearning;
			sourceTree = "<group>";
		};
/* End PBXGroup section */

/* Begin PBXNativeTarget section */
		149BF1A61E000AA4001B29FD /* NihongoLearning */ = {
			isa = PBXNativeTarget;
			buildConfigurationList = 149BF1B91E000AA4001B29FD /* Build configuration list for PBXNativeTarget "NihongoLearning" */;
			buildPhases = (
				149BF1A31E000AA4001B29FD /* Sources */,
				149BF1A41E000AA4001B29FD /* Frameworks */,
				149BF1A51E000AA4001B29FD /* Resources */,
			);
			buildRules = (
			);
			dependencies = (
			);
			name = NihongoLearning;
			productName = NihongoLearning;
			productReference = 149BF1A71E000AA4001B29FD /* NihongoLearning.app */;
			productType = "com.apple.product-type.application";
		};
/* End PBXNativeTarget section */

/* Begin PBXProject section */
		149BF19F1E000AA4001B29FD /* Project object */ = {
			isa = PBXProject;
			attributes = {
				LastSwiftUpdateCheck = 0810;
				LastUpgradeCheck = 0810;
				ORGANIZATIONNAME = DaGin;
				TargetAttributes = {
					149BF1A61E000AA4001B29FD = {
						CreatedOnToolsVersion = 8.1;
						DevelopmentTeam = EX9Z9PUK4G;
						ProvisioningStyle = Automatic;
					};
				};
			};
			buildConfigurationList = 149BF1A21E000AA4001B29FD /* Build configuration list for PBXProject "NihongoLearning" */;
			compatibilityVersion = "Xcode 3.2";
			developmentRegion = English;
			hasScannedForEncodings = 0;
			knownRegions = (
				en,
				Base,
			);
			mainGroup = 149BF19E1E000AA4001B29FD;
			productRefGroup = 149BF1A81E000AA4001B29FD /* Products */;
			projectDirPath = "";
			projectRoot = "";
			targets = (
				149BF1A61E000AA4001B29FD /* NihongoLearning */,
			);
		};
/* End PBXProject section */

/* Begin PBXResourcesBuildPhase section */
		149BF1A51E000AA4001B29FD /* Resources */ = {
			isa = PBXResourcesBuildPhase;
			buildActionMask = 2147483647;
			files = (
				149BF1B51E000AA4001B29FD /* LaunchScreen.storyboard in Resources */,
				149BF1B21E000AA4001B29FD /* Assets.xcassets in Resources */,
				149BF1B01E000AA4001B29FD /* Main.storyboard in Resources */,
			);
			runOnlyForDeploymentPostprocessing = 0;
		};
/* End PBXResourcesBuildPhase section */

/* Begin PBXSourcesBuildPhase section */
		149BF1A31E000AA4001B29FD /* Sources */ = {
			isa = PBXSourcesBuildPhase;
			buildActionMask = 2147483647;
			files = (
				149BF1AD1E000AA4001B29FD /* ViewController.swift in Sources */,
				149BF1C51E001892001B29FD /* ANSWERS.swift in Sources */,
				14035E351E006B8600A89AE4 /* AnswerModel.swift in Sources */,
				149BF1C31E0014BD001B29FD /* QuestionTableViewCell.swift in Sources */,
				14035E371E0083F400A89AE4 /* AnsweredStatus.swift in Sources */,
				14035E331E0044AB00A89AE4 /* Questions.swift in Sources */,
				149BF1AB1E000AA4001B29FD /* AppDelegate.swift in Sources */,
				149BF1C11E001468001B29FD /* QuestionViewController.swift in Sources */,
			);
			runOnlyForDeploymentPostprocessing = 0;
		};
/* End PBXSourcesBuildPhase section */

/* Begin PBXVariantGroup section */
		149BF1AE1E000AA4001B29FD /* Main.storyboard */ = {
			isa = PBXVariantGroup;
			children = (
				149BF1AF1E000AA4001B29FD /* Base */,
			);
			name = Main.storyboard;
			sourceTree = "<group>";
		};
		149BF1B31E000AA4001B29FD /* LaunchScreen.storyboard */ = {
			isa = PBXVariantGroup;
			children = (
				149BF1B41E000AA4001B29FD /* Base */,
			);
			name = LaunchScreen.storyboard;
			sourceTree = "<group>";
		};
/* End PBXVariantGroup section */

/* Begin XCBuildConfiguration section */
		149BF1B71E000AA4001B29FD /* Debug */ = {
			isa = XCBuildConfiguration;
			buildSettings = {
				ALWAYS_SEARCH_USER_PATHS = NO;
				CLANG_ANALYZER_NONNULL = YES;
				CLANG_CXX_LANGUAGE_STANDARD = "gnu++0x";
				CLANG_CXX_LIBRARY = "libc++";
				CLANG_ENABLE_MODULES = YES;
				CLANG_ENABLE_OBJC_ARC = YES;
				CLANG_WARN_BOOL_CONVERSION = YES;
				CLANG_WARN_CONSTANT_CONVERSION = YES;
				CLANG_WARN_DIRECT_OBJC_ISA_USAGE = YES_ERROR;
				CLANG_WARN_DOCUMENTATION_COMMENTS = YES;
				CLANG_WARN_EMPTY_BODY = YES;
				CLANG_WARN_ENUM_CONVERSION = YES;
				CLANG_WARN_INFINITE_RECURSION = YES;
				CLANG_WARN_INT_CONVERSION = YES;
				CLANG_WARN_OBJC_ROOT_CLASS = YES_ERROR;
				CLANG_WARN_SUSPICIOUS_MOVES = YES;
				CLANG_WARN_UNREACHABLE_CODE = YES;
				CLANG_WARN__DUPLICATE_METHOD_MATCH = YES;
				"CODE_SIGN_IDENTITY[sdk=iphoneos*]" = "iPhone Developer";
				COPY_PHASE_STRIP = NO;
				DEBUG_INFORMATION_FORMAT = dwarf;
				ENABLE_STRICT_OBJC_MSGSEND = YES;
				ENABLE_TESTABILITY = YES;
				GCC_C_LANGUAGE_STANDARD = gnu99;
				GCC_DYNAMIC_NO_PIC = NO;
				GCC_NO_COMMON_BLOCKS = YES;
				GCC_OPTIMIZATION_LEVEL = 0;
				GCC_PREPROCESSOR_DEFINITIONS = (
					"DEBUG=1",
					"$(inherited)",
				);
				GCC_WARN_64_TO_32_BIT_CONVERSION = YES;
				GCC_WARN_ABOUT_RETURN_TYPE = YES_ERROR;
				GCC_WARN_UNDECLARED_SELECTOR = YES;
				GCC_WARN_UNINITIALIZED_AUTOS = YES_AGGRESSIVE;
				GCC_WARN_UNUSED_FUNCTION = YES;
				GCC_WARN_UNUSED_VARIABLE = YES;
				IPHONEOS_DEPLOYMENT_TARGET = 10.0;
				MTL_ENABLE_DEBUG_INFO = YES;
				ONLY_ACTIVE_ARCH = YES;
				SDKROOT = iphoneos;
				SWIFT_ACTIVE_COMPILATION_CONDITIONS = DEBUG;
				SWIFT_OPTIMIZATION_LEVEL = "-Onone";
				TARGETED_DEVICE_FAMILY = "1,2";
			};
			name = Debug;
		};
		149BF1B81E000AA4001B29FD /* Release */ = {
			isa = XCBuildConfiguration;
			buildSettings = {
				ALWAYS_SEARCH_USER_PATHS = NO;
				CLANG_ANALYZER_NONNULL = YES;
				CLANG_CXX_LANGUAGE_STANDARD = "gnu++0x";
				CLANG_CXX_LIBRARY = "libc++";
				CLANG_ENABLE_MODULES = YES;
				CLANG_ENABLE_OBJC_ARC = YES;
				CLANG_WARN_BOOL_CONVERSION = YES;
				CLANG_WARN_CONSTANT_CONVERSION = YES;
				CLANG_WARN_DIRECT_OBJC_ISA_USAGE = YES_ERROR;
				CLANG_WARN_DOCUMENTATION_COMMENTS = YES;
				CLANG_WARN_EMPTY_BODY = YES;
				CLANG_WARN_ENUM_CONVERSION = YES;
				CLANG_WARN_INFINITE_RECURSION = YES;
				CLANG_WARN_INT_CONVERSION = YES;
				CLANG_WARN_OBJC_ROOT_CLASS = YES_ERROR;
				CLANG_WARN_SUSPICIOUS_MOVES = YES;
				CLANG_WARN_UNREACHABLE_CODE = YES;
				CLANG_WARN__DUPLICATE_METHOD_MATCH = YES;
				"CODE_SIGN_IDENTITY[sdk=iphoneos*]" = "iPhone Developer";
				COPY_PHASE_STRIP = NO;
				DEBUG_INFORMATION_FORMAT = "dwarf-with-dsym";
				ENABLE_NS_ASSERTIONS = NO;
				ENABLE_STRICT_OBJC_MSGSEND = YES;
				GCC_C_LANGUAGE_STANDARD = gnu99;
				GCC_NO_COMMON_BLOCKS = YES;
				GCC_WARN_64_TO_32_BIT_CONVERSION = YES;
				GCC_WARN_ABOUT_RETURN_TYPE = YES_ERROR;
				GCC_WARN_UNDECLARED_SELECTOR = YES;
				GCC_WARN_UNINITIALIZED_AUTOS = YES_AGGRESSIVE;
				GCC_WARN_UNUSED_FUNCTION = YES;
				GCC_WARN_UNUSED_VARIABLE = YES;
				IPHONEOS_DEPLOYMENT_TARGET = 10.0;
				MTL_ENABLE_DEBUG_INFO = NO;
				SDKROOT = iphoneos;
				SWIFT_OPTIMIZATION_LEVEL = "-Owholemodule";
				TARGETED_DEVICE_FAMILY = "1,2";
				VALIDATE_PRODUCT = YES;
			};
			name = Release;
		};
		149BF1BA1E000AA4001B29FD /* Debug */ = {
			isa = XCBuildConfiguration;
			buildSettings = {
				ASSETCATALOG_COMPILER_APPICON_NAME = AppIcon;
				DEVELOPMENT_TEAM = EX9Z9PUK4G;
				INFOPLIST_FILE = NihongoLearning/Info.plist;
				LD_RUNPATH_SEARCH_PATHS = "$(inherited) @executable_path/Frameworks";
				PRODUCT_BUNDLE_IDENTIFIER = dagindesign.NihongoLearning;
				PRODUCT_NAME = "$(TARGET_NAME)";
				SWIFT_VERSION = 3.0;
			};
			name = Debug;
		};
		149BF1BB1E000AA4001B29FD /* Release */ = {
			isa = XCBuildConfiguration;
			buildSettings = {
				ASSETCATALOG_COMPILER_APPICON_NAME = AppIcon;
				DEVELOPMENT_TEAM = EX9Z9PUK4G;
				INFOPLIST_FILE = NihongoLearning/Info.plist;
				LD_RUNPATH_SEARCH_PATHS = "$(inherited) @executable_path/Frameworks";
				PRODUCT_BUNDLE_IDENTIFIER = dagindesign.NihongoLearning;
				PRODUCT_NAME = "$(TARGET_NAME)";
				SWIFT_VERSION = 3.0;
			};
			name = Release;
		};
/* End XCBuildConfiguration section */

/* Begin XCConfigurationList section */
		149BF1A21E000AA4001B29FD /* Build configuration list for PBXProject "NihongoLearning" */ = {
			isa = XCConfigurationList;
			buildConfigurations = (
				149BF1B71E000AA4001B29FD /* Debug */,
				149BF1B81E000AA4001B29FD /* Release */,
			);
			defaultConfigurationIsVisible = 0;
			defaultConfigurationName = Release;
		};
		149BF1B91E000AA4001B29FD /* Build configuration list for PBXNativeTarget "NihongoLearning" */ = {
			isa = XCConfigurationList;
			buildConfigurations = (
				149BF1BA1E000AA4001B29FD /* Debug */,
				149BF1BB1E000AA4001B29FD /* Release */,
			);
			defaultConfigurationIsVisible = 0;
			defaultConfigurationName = Release;
		};
/* End XCConfigurationList section */
	};
	rootObject = 149BF19F1E000AA4001B29FD /* Project object */;
}
